// !$*UTF8*$!
{
	archiveVersion = 1;
	classes = {
	};
	objectVersion = 50;
	objects = {

/* Begin PBXBuildFile section */
		CB5536162135E216003BA0E8 /* AppDelegate.swift in Sources */ = {isa = PBXBuildFile; fileRef = CB5536152135E216003BA0E8 /* AppDelegate.swift */; };
		CB5536182135E216003BA0E8 /* FirstViewController.swift in Sources */ = {isa = PBXBuildFile; fileRef = CB5536172135E216003BA0E8 /* FirstViewController.swift */; };
		CB55361A2135E216003BA0E8 /* SecondViewController.swift in Sources */ = {isa = PBXBuildFile; fileRef = CB5536192135E216003BA0E8 /* SecondViewController.swift */; };
		CB55361D2135E216003BA0E8 /* Main.storyboard in Resources */ = {isa = PBXBuildFile; fileRef = CB55361B2135E216003BA0E8 /* Main.storyboard */; };
		CB55361F2135E217003BA0E8 /* Assets.xcassets in Resources */ = {isa = PBXBuildFile; fileRef = CB55361E2135E217003BA0E8 /* Assets.xcassets */; };
		CB5536222135E217003BA0E8 /* LaunchScreen.storyboard in Resources */ = {isa = PBXBuildFile; fileRef = CB5536202135E217003BA0E8 /* LaunchScreen.storyboard */; };
		CB55362D2135E217003BA0E8 /* ToDoListTests.swift in Sources */ = {isa = PBXBuildFile; fileRef = CB55362C2135E217003BA0E8 /* ToDoListTests.swift */; };
		CB5536382135E217003BA0E8 /* ToDoListUITests.swift in Sources */ = {isa = PBXBuildFile; fileRef = CB5536372135E217003BA0E8 /* ToDoListUITests.swift */; };
/* End PBXBuildFile section */

/* Begin PBXContainerItemProxy section */
		CB5536292135E217003BA0E8 /* PBXContainerItemProxy */ = {
			isa = PBXContainerItemProxy;
			containerPortal = CB55360A2135E216003BA0E8 /* Project object */;
			proxyType = 1;
			remoteGlobalIDString = CB5536112135E216003BA0E8;
			remoteInfo = ToDoList;
		};
		CB5536342135E217003BA0E8 /* PBXContainerItemProxy */ = {
			isa = PBXContainerItemProxy;
			containerPortal = CB55360A2135E216003BA0E8 /* Project object */;
			proxyType = 1;
			remoteGlobalIDString = CB5536112135E216003BA0E8;
			remoteInfo = ToDoList;
		};
/* End PBXContainerItemProxy section */

/* Begin PBXFileReference section */
		CB5536122135E216003BA0E8 /* ToDoList.app */ = {isa = PBXFileReference; explicitFileType = wrapper.application; includeInIndex = 0; path = ToDoList.app; sourceTree = BUILT_PRODUCTS_DIR; };
		CB5536152135E216003BA0E8 /* AppDelegate.swift */ = {isa = PBXFileReference; lastKnownFileType = sourcecode.swift; path = AppDelegate.swift; sourceTree = "<group>"; };
		CB5536172135E216003BA0E8 /* FirstViewController.swift */ = {isa = PBXFileReference; lastKnownFileType = sourcecode.swift; path = FirstViewController.swift; sourceTree = "<group>"; };
		CB5536192135E216003BA0E8 /* SecondViewController.swift */ = {isa = PBXFileReference; lastKnownFileType = sourcecode.swift; path = SecondViewController.swift; sourceTree = "<group>"; };
		CB55361C2135E216003BA0E8 /* Base */ = {isa = PBXFileReference; lastKnownFileType = file.storyboard; name = Base; path = Base.lproj/Main.storyboard; sourceTree = "<group>"; };
		CB55361E2135E217003BA0E8 /* Assets.xcassets */ = {isa = PBXFileReference; lastKnownFileType = folder.assetcatalog; path = Assets.xcassets; sourceTree = "<group>"; };
		CB5536212135E217003BA0E8 /* Base */ = {isa = PBXFileReference; lastKnownFileType = file.storyboard; name = Base; path = Base.lproj/LaunchScreen.storyboard; sourceTree = "<group>"; };
		CB5536232135E217003BA0E8 /* Info.plist */ = {isa = PBXFileReference; lastKnownFileType = text.plist.xml; path = Info.plist; sourceTree = "<group>"; };
		CB5536282135E217003BA0E8 /* ToDoListTests.xctest */ = {isa = PBXFileReference; explicitFileType = wrapper.cfbundle; includeInIndex = 0; path = ToDoListTests.xctest; sourceTree = BUILT_PRODUCTS_DIR; };
		CB55362C2135E217003BA0E8 /* ToDoListTests.swift */ = {isa = PBXFileReference; lastKnownFileType = sourcecode.swift; path = ToDoListTests.swift; sourceTree = "<group>"; };
		CB55362E2135E217003BA0E8 /* Info.plist */ = {isa = PBXFileReference; lastKnownFileType = text.plist.xml; path = Info.plist; sourceTree = "<group>"; };
		CB5536332135E217003BA0E8 /* ToDoListUITests.xctest */ = {isa = PBXFileReference; explicitFileType = wrapper.cfbundle; includeInIndex = 0; path = ToDoListUITests.xctest; sourceTree = BUILT_PRODUCTS_DIR; };
		CB5536372135E217003BA0E8 /* ToDoListUITests.swift */ = {isa = PBXFileReference; lastKnownFileType = sourcecode.swift; path = ToDoListUITests.swift; sourceTree = "<group>"; };
		CB5536392135E217003BA0E8 /* Info.plist */ = {isa = PBXFileReference; lastKnownFileType = text.plist.xml; path = Info.plist; sourceTree = "<group>"; };
/* End PBXFileReference section */

/* Begin PBXFrameworksBuildPhase section */
		CB55360F2135E216003BA0E8 /* Frameworks */ = {
			isa = PBXFrameworksBuildPhase;
			buildActionMask = 2147483647;
			files = (
			);
			runOnlyForDeploymentPostprocessing = 0;
		};
		CB5536252135E217003BA0E8 /* Frameworks */ = {
			isa = PBXFrameworksBuildPhase;
			buildActionMask = 2147483647;
			files = (
			);
			runOnlyForDeploymentPostprocessing = 0;
		};
		CB5536302135E217003BA0E8 /* Frameworks */ = {
			isa = PBXFrameworksBuildPhase;
			buildActionMask = 2147483647;
			files = (
			);
			runOnlyForDeploymentPostprocessing = 0;
		};
/* End PBXFrameworksBuildPhase section */

/* Begin PBXGroup section */
		CB5536092135E216003BA0E8 = {
			isa = PBXGroup;
			children = (
				CB5536142135E216003BA0E8 /* ToDoList */,
				CB55362B2135E217003BA0E8 /* ToDoListTests */,
				CB5536362135E217003BA0E8 /* ToDoListUITests */,
				CB5536132135E216003BA0E8 /* Products */,
			);
			sourceTree = "<group>";
		};
		CB5536132135E216003BA0E8 /* Products */ = {
			isa = PBXGroup;
			children = (
				CB5536122135E216003BA0E8 /* ToDoList.app */,
				CB5536282135E217003BA0E8 /* ToDoListTests.xctest */,
				CB5536332135E217003BA0E8 /* ToDoListUITests.xctest */,
			);
			name = Products;
			sourceTree = "<group>";
		};
		CB5536142135E216003BA0E8 /* ToDoList */ = {
			isa = PBXGroup;
			children = (
				CB5536152135E216003BA0E8 /* AppDelegate.swift */,
				CB5536172135E216003BA0E8 /* FirstViewController.swift */,
				CB5536192135E216003BA0E8 /* SecondViewController.swift */,
				CB55361B2135E216003BA0E8 /* Main.storyboard */,
				CB55361E2135E217003BA0E8 /* Assets.xcassets */,
				CB5536202135E217003BA0E8 /* LaunchScreen.storyboard */,
				CB5536232135E217003BA0E8 /* Info.plist */,
			);
			path = ToDoList;
			sourceTree = "<group>";
		};
		CB55362B2135E217003BA0E8 /* ToDoListTests */ = {
			isa = PBXGroup;
			children = (
				CB55362C2135E217003BA0E8 /* ToDoListTests.swift */,
				CB55362E2135E217003BA0E8 /* Info.plist */,
			);
			path = ToDoListTests;
			sourceTree = "<group>";
		};
		CB5536362135E217003BA0E8 /* ToDoListUITests */ = {
			isa = PBXGroup;
			children = (
				CB5536372135E217003BA0E8 /* ToDoListUITests.swift */,
				CB5536392135E217003BA0E8 /* Info.plist */,
			);
			path = ToDoListUITests;
			sourceTree = "<group>";
		};
/* End PBXGroup section */

/* Begin PBXNativeTarget section */
		CB5536112135E216003BA0E8 /* ToDoList */ = {
			isa = PBXNativeTarget;
			buildConfigurationList = CB55363C2135E217003BA0E8 /* Build configuration list for PBXNativeTarget "ToDoList" */;
			buildPhases = (
				CB55360E2135E216003BA0E8 /* Sources */,
				CB55360F2135E216003BA0E8 /* Frameworks */,
				CB5536102135E216003BA0E8 /* Resources */,
			);
			buildRules = (
			);
			dependencies = (
			);
			name = ToDoList;
			productName = ToDoList;
			productReference = CB5536122135E216003BA0E8 /* ToDoList.app */;
			productType = "com.apple.product-type.application";
		};
		CB5536272135E217003BA0E8 /* ToDoListTests */ = {
			isa = PBXNativeTarget;
			buildConfigurationList = CB55363F2135E217003BA0E8 /* Build configuration list for PBXNativeTarget "ToDoListTests" */;
			buildPhases = (
				CB5536242135E217003BA0E8 /* Sources */,
				CB5536252135E217003BA0E8 /* Frameworks */,
				CB5536262135E217003BA0E8 /* Resources */,
			);
			buildRules = (
			);
			dependencies = (
				CB55362A2135E217003BA0E8 /* PBXTargetDependency */,
			);
			name = ToDoListTests;
			productName = ToDoListTests;
			productReference = CB5536282135E217003BA0E8 /* ToDoListTests.xctest */;
			productType = "com.apple.product-type.bundle.unit-test";
		};
		CB5536322135E217003BA0E8 /* ToDoListUITests */ = {
			isa = PBXNativeTarget;
			buildConfigurationList = CB5536422135E217003BA0E8 /* Build configuration list for PBXNativeTarget "ToDoListUITests" */;
			buildPhases = (
				CB55362F2135E217003BA0E8 /* Sources */,
				CB5536302135E217003BA0E8 /* Frameworks */,
				CB5536312135E217003BA0E8 /* Resources */,
			);
			buildRules = (
			);
			dependencies = (
				CB5536352135E217003BA0E8 /* PBXTargetDependency */,
			);
			name = ToDoListUITests;
			productName = ToDoListUITests;
			productReference = CB5536332135E217003BA0E8 /* ToDoListUITests.xctest */;
			productType = "com.apple.product-type.bundle.ui-testing";
		};
/* End PBXNativeTarget section */

/* Begin PBXProject section */
		CB55360A2135E216003BA0E8 /* Project object */ = {
			isa = PBXProject;
			attributes = {
				LastSwiftUpdateCheck = 0940;
				LastUpgradeCheck = 0940;
				ORGANIZATIONNAME = "Charlie Davison";
				TargetAttributes = {
					CB5536112135E216003BA0E8 = {
						CreatedOnToolsVersion = 9.4.1;
					};
					CB5536272135E217003BA0E8 = {
						CreatedOnToolsVersion = 9.4.1;
						TestTargetID = CB5536112135E216003BA0E8;
					};
					CB5536322135E217003BA0E8 = {
						CreatedOnToolsVersion = 9.4.1;
						TestTargetID = CB5536112135E216003BA0E8;
					};
				};
			};
			buildConfigurationList = CB55360D2135E216003BA0E8 /* Build configuration list for PBXProject "ToDoList" */;
			compatibilityVersion = "Xcode 9.3";
			developmentRegion = en;
			hasScannedForEncodings = 0;
			knownRegions = (
				en,
				Base,
			);
			mainGroup = CB5536092135E216003BA0E8;
			productRefGroup = CB5536132135E216003BA0E8 /* Products */;
			projectDirPath = "";
			projectRoot = "";
			targets = (
				CB5536112135E216003BA0E8 /* ToDoList */,
				CB5536272135E217003BA0E8 /* ToDoListTests */,
				CB5536322135E217003BA0E8 /* ToDoListUITests */,
			);
		};
/* End PBXProject section */

/* Begin PBXResourcesBuildPhase section */
		CB5536102135E216003BA0E8 /* Resources */ = {
			isa = PBXResourcesBuildPhase;
			buildActionMask = 2147483647;
			files = (
				CB5536222135E217003BA0E8 /* LaunchScreen.storyboard in Resources */,
				CB55361F2135E217003BA0E8 /* Assets.xcassets in Resources */,
				CB55361D2135E216003BA0E8 /* Main.storyboard in Resources */,
			);
			runOnlyForDeploymentPostprocessing = 0;
		};
		CB5536262135E217003BA0E8 /* Resources */ = {
			isa = PBXResourcesBuildPhase;
			buildActionMask = 2147483647;
			files = (
			);
			runOnlyForDeploymentPostprocessing = 0;
		};
		CB5536312135E217003BA0E8 /* Resources */ = {
			isa = PBXResourcesBuildPhase;
			buildActionMask = 2147483647;
			files = (
			);
			runOnlyForDeploymentPostprocessing = 0;
		};
/* End PBXResourcesBuildPhase section */

/* Begin PBXSourcesBuildPhase section */
		CB55360E2135E216003BA0E8 /* Sources */ = {
			isa = PBXSourcesBuildPhase;
			buildActionMask = 2147483647;
			files = (
				CB55361A2135E216003BA0E8 /* SecondViewController.swift in Sources */,
				CB5536162135E216003BA0E8 /* AppDelegate.swift in Sources */,
				CB5536182135E216003BA0E8 /* FirstViewController.swift in Sources */,
			);
			runOnlyForDeploymentPostprocessing = 0;
		};
		CB5536242135E217003BA0E8 /* Sources */ = {
			isa = PBXSourcesBuildPhase;
			buildActionMask = 2147483647;
			files = (
				CB55362D2135E217003BA0E8 /* ToDoListTests.swift in Sources */,
			);
			runOnlyForDeploymentPostprocessing = 0;
		};
		CB55362F2135E217003BA0E8 /* Sources */ = {
			isa = PBXSourcesBuildPhase;
			buildActionMask = 2147483647;
			files = (
				CB5536382135E217003BA0E8 /* ToDoListUITests.swift in Sources */,
			);
			runOnlyForDeploymentPostprocessing = 0;
		};
/* End PBXSourcesBuildPhase section */

/* Begin PBXTargetDependency section */
		CB55362A2135E217003BA0E8 /* PBXTargetDependency */ = {
			isa = PBXTargetDependency;
			target = CB5536112135E216003BA0E8 /* ToDoList */;
			targetProxy = CB5536292135E217003BA0E8 /* PBXContainerItemProxy */;
		};
		CB5536352135E217003BA0E8 /* PBXTargetDependency */ = {
			isa = PBXTargetDependency;
			target = CB5536112135E216003BA0E8 /* ToDoList */;
			targetProxy = CB5536342135E217003BA0E8 /* PBXContainerItemProxy */;
		};
/* End PBXTargetDependency section */

/* Begin PBXVariantGroup section */
		CB55361B2135E216003BA0E8 /* Main.storyboard */ = {
			isa = PBXVariantGroup;
			children = (
				CB55361C2135E216003BA0E8 /* Base */,
			);
			name = Main.storyboard;
			sourceTree = "<group>";
		};
		CB5536202135E217003BA0E8 /* LaunchScreen.storyboard */ = {
			isa = PBXVariantGroup;
			children = (
				CB5536212135E217003BA0E8 /* Base */,
			);
			name = LaunchScreen.storyboard;
			sourceTree = "<group>";
		};
/* End PBXVariantGroup section */

/* Begin XCBuildConfiguration section */
		CB55363A2135E217003BA0E8 /* Debug */ = {
			isa = XCBuildConfiguration;
			buildSettings = {
				ALWAYS_SEARCH_USER_PATHS = NO;
				CLANG_ANALYZER_NONNULL = YES;
				CLANG_ANALYZER_NUMBER_OBJECT_CONVERSION = YES_AGGRESSIVE;
				CLANG_CXX_LANGUAGE_STANDARD = "gnu++14";
				CLANG_CXX_LIBRARY = "libc++";
				CLANG_ENABLE_MODULES = YES;
				CLANG_ENABLE_OBJC_ARC = YES;
				CLANG_ENABLE_OBJC_WEAK = YES;
				CLANG_WARN_BLOCK_CAPTURE_AUTORELEASING = YES;
				CLANG_WARN_BOOL_CONVERSION = YES;
				CLANG_WARN_COMMA = YES;
				CLANG_WARN_CONSTANT_CONVERSION = YES;
				CLANG_WARN_DEPRECATED_OBJC_IMPLEMENTATIONS = YES;
				CLANG_WARN_DIRECT_OBJC_ISA_USAGE = YES_ERROR;
				CLANG_WARN_DOCUMENTATION_COMMENTS = YES;
				CLANG_WARN_EMPTY_BODY = YES;
				CLANG_WARN_ENUM_CONVERSION = YES;
				CLANG_WARN_INFINITE_RECURSION = YES;
				CLANG_WARN_INT_CONVERSION = YES;
				CLANG_WARN_NON_LITERAL_NULL_CONVERSION = YES;
				CLANG_WARN_OBJC_IMPLICIT_RETAIN_SELF = YES;
				CLANG_WARN_OBJC_LITERAL_CONVERSION = YES;
				CLANG_WARN_OBJC_ROOT_CLASS = YES_ERROR;
				CLANG_WARN_RANGE_LOOP_ANALYSIS = YES;
				CLANG_WARN_STRICT_PROTOTYPES = YES;
				CLANG_WARN_SUSPICIOUS_MOVE = YES;
				CLANG_WARN_UNGUARDED_AVAILABILITY = YES_AGGRESSIVE;
				CLANG_WARN_UNREACHABLE_CODE = YES;
				CLANG_WARN__DUPLICATE_METHOD_MATCH = YES;
				CODE_SIGN_IDENTITY = "iPhone Developer";
				COPY_PHASE_STRIP = NO;
				DEBUG_INFORMATION_FORMAT = dwarf;
				ENABLE_STRICT_OBJC_MSGSEND = YES;
				ENABLE_TESTABILITY = YES;
				GCC_C_LANGUAGE_STANDARD = gnu11;
				GCC_DYNAMIC_NO_PIC = NO;
				GCC_NO_COMMON_BLOCKS = YES;
				GCC_OPTIMIZATION_LEVEL = 0;
				GCC_PREPROCESSOR_DEFINITIONS = (
					"DEBUG=1",
					"$(inherited)",
				);
				GCC_WARN_64_TO_32_BIT_CONVERSION = YES;
				GCC_WARN_ABOUT_RETURN_TYPE = YES_ERROR;
				GCC_WARN_UNDECLARED_SELECTOR = YES;
				GCC_WARN_UNINITIALIZED_AUTOS = YES_AGGRESSIVE;
				GCC_WARN_UNUSED_FUNCTION = YES;
				GCC_WARN_UNUSED_VARIABLE = YES;
				IPHONEOS_DEPLOYMENT_TARGET = 11.4;
				MTL_ENABLE_DEBUG_INFO = YES;
				ONLY_ACTIVE_ARCH = YES;
				SDKROOT = iphoneos;
				SWIFT_ACTIVE_COMPILATION_CONDITIONS = DEBUG;
				SWIFT_OPTIMIZATION_LEVEL = "-Onone";
			};
			name = Debug;
		};
		CB55363B2135E217003BA0E8 /* Release */ = {
			isa = XCBuildConfiguration;
			buildSettings = {
				ALWAYS_SEARCH_USER_PATHS = NO;
				CLANG_ANALYZER_NONNULL = YES;
				CLANG_ANALYZER_NUMBER_OBJECT_CONVERSION = YES_AGGRESSIVE;
				CLANG_CXX_LANGUAGE_STANDARD = "gnu++14";
				CLANG_CXX_LIBRARY = "libc++";
				CLANG_ENABLE_MODULES = YES;
				CLANG_ENABLE_OBJC_ARC = YES;
				CLANG_ENABLE_OBJC_WEAK = YES;
				CLANG_WARN_BLOCK_CAPTURE_AUTORELEASING = YES;
				CLANG_WARN_BOOL_CONVERSION = YES;
				CLANG_WARN_COMMA = YES;
				CLANG_WARN_CONSTANT_CONVERSION = YES;
				CLANG_WARN_DEPRECATED_OBJC_IMPLEMENTATIONS = YES;
				CLANG_WARN_DIRECT_OBJC_ISA_USAGE = YES_ERROR;
				CLANG_WARN_DOCUMENTATION_COMMENTS = YES;
				CLANG_WARN_EMPTY_BODY = YES;
				CLANG_WARN_ENUM_CONVERSION = YES;
				CLANG_WARN_INFINITE_RECURSION = YES;
				CLANG_WARN_INT_CONVERSION = YES;
				CLANG_WARN_NON_LITERAL_NULL_CONVERSION = YES;
				CLANG_WARN_OBJC_IMPLICIT_RETAIN_SELF = YES;
				CLANG_WARN_OBJC_LITERAL_CONVERSION = YES;
				CLANG_WARN_OBJC_ROOT_CLASS = YES_ERROR;
				CLANG_WARN_RANGE_LOOP_ANALYSIS = YES;
				CLANG_WARN_STRICT_PROTOTYPES = YES;
				CLANG_WARN_SUSPICIOUS_MOVE = YES;
				CLANG_WARN_UNGUARDED_AVAILABILITY = YES_AGGRESSIVE;
				CLANG_WARN_UNREACHABLE_CODE = YES;
				CLANG_WARN__DUPLICATE_METHOD_MATCH = YES;
				CODE_SIGN_IDENTITY = "iPhone Developer";
				COPY_PHASE_STRIP = NO;
				DEBUG_INFORMATION_FORMAT = "dwarf-with-dsym";
				ENABLE_NS_ASSERTIONS = NO;
				ENABLE_STRICT_OBJC_MSGSEND = YES;
				GCC_C_LANGUAGE_STANDARD = gnu11;
				GCC_NO_COMMON_BLOCKS = YES;
				GCC_WARN_64_TO_32_BIT_CONVERSION = YES;
				GCC_WARN_ABOUT_RETURN_TYPE = YES_ERROR;
				GCC_WARN_UNDECLARED_SELECTOR = YES;
				GCC_WARN_UNINITIALIZED_AUTOS = YES_AGGRESSIVE;
				GCC_WARN_UNUSED_FUNCTION = YES;
				GCC_WARN_UNUSED_VARIABLE = YES;
				IPHONEOS_DEPLOYMENT_TARGET = 11.4;
				MTL_ENABLE_DEBUG_INFO = NO;
				SDKROOT = iphoneos;
				SWIFT_COMPILATION_MODE = wholemodule;
				SWIFT_OPTIMIZATION_LEVEL = "-O";
				VALIDATE_PRODUCT = YES;
			};
			name = Release;
		};
		CB55363D2135E217003BA0E8 /* Debug */ = {
			isa = XCBuildConfiguration;
			buildSettings = {
				ASSETCATALOG_COMPILER_APPICON_NAME = AppIcon;
				CODE_SIGN_STYLE = Automatic;
				INFOPLIST_FILE = ToDoList/Info.plist;
				LD_RUNPATH_SEARCH_PATHS = (
					"$(inherited)",
					"@executable_path/Frameworks",
				);
				PRODUCT_BUNDLE_IDENTIFIER = Charlie.ToDoList;
				PRODUCT_NAME = "$(TARGET_NAME)";
				SWIFT_VERSION = 4.0;
				TARGETED_DEVICE_FAMILY = "1,2";
			};
			name = Debug;
		};
		CB55363E2135E217003BA0E8 /* Release */ = {
			isa = XCBuildConfiguration;
			buildSettings = {
				ASSETCATALOG_COMPILER_APPICON_NAME = AppIcon;
				CODE_SIGN_STYLE = Automatic;
				INFOPLIST_FILE = ToDoList/Info.plist;
				LD_RUNPATH_SEARCH_PATHS = (
					"$(inherited)",
					"@executable_path/Frameworks",
				);
				PRODUCT_BUNDLE_IDENTIFIER = Charlie.ToDoList;
				PRODUCT_NAME = "$(TARGET_NAME)";
				SWIFT_VERSION = 4.0;
				TARGETED_DEVICE_FAMILY = "1,2";
			};
			name = Release;
		};
		CB5536402135E217003BA0E8 /* Debug */ = {
			isa = XCBuildConfiguration;
			buildSettings = {
				ALWAYS_EMBED_SWIFT_STANDARD_LIBRARIES = YES;
				BUNDLE_LOADER = "$(TEST_HOST)";
				CODE_SIGN_STYLE = Automatic;
				INFOPLIST_FILE = ToDoListTests/Info.plist;
				LD_RUNPATH_SEARCH_PATHS = (
					"$(inherited)",
					"@executable_path/Frameworks",
					"@loader_path/Frameworks",
				);
				PRODUCT_BUNDLE_IDENTIFIER = Charlie.ToDoListTests;
				PRODUCT_NAME = "$(TARGET_NAME)";
				SWIFT_VERSION = 4.0;
				TARGETED_DEVICE_FAMILY = "1,2";
				TEST_HOST = "$(BUILT_PRODUCTS_DIR)/ToDoList.app/ToDoList";
			};
			name = Debug;
		};
		CB5536412135E217003BA0E8 /* Release */ = {
			isa = XCBuildConfiguration;
			buildSettings = {
				ALWAYS_EMBED_SWIFT_STANDARD_LIBRARIES = YES;
				BUNDLE_LOADER = "$(TEST_HOST)";
				CODE_SIGN_STYLE = Automatic;
				INFOPLIST_FILE = ToDoListTests/Info.plist;
				LD_RUNPATH_SEARCH_PATHS = (
					"$(inherited)",
					"@executable_path/Frameworks",
					"@loader_path/Frameworks",
				);
				PRODUCT_BUNDLE_IDENTIFIER = Charlie.ToDoListTests;
				PRODUCT_NAME = "$(TARGET_NAME)";
				SWIFT_VERSION = 4.0;
				TARGETED_DEVICE_FAMILY = "1,2";
				TEST_HOST = "$(BUILT_PRODUCTS_DIR)/ToDoList.app/ToDoList";
			};
			name = Release;
		};
		CB5536432135E217003BA0E8 /* Debug */ = {
			isa = XCBuildConfiguration;
			buildSettings = {
				ALWAYS_EMBED_SWIFT_STANDARD_LIBRARIES = YES;
				CODE_SIGN_STYLE = Automatic;
				INFOPLIST_FILE = ToDoListUITests/Info.plist;
				LD_RUNPATH_SEARCH_PATHS = (
					"$(inherited)",
					"@executable_path/Frameworks",
					"@loader_path/Frameworks",
				);
				PRODUCT_BUNDLE_IDENTIFIER = Charlie.ToDoListUITests;
				PRODUCT_NAME = "$(TARGET_NAME)";
				SWIFT_VERSION = 4.0;
				TARGETED_DEVICE_FAMILY = "1,2";
				TEST_TARGET_NAME = ToDoList;
			};
			name = Debug;
		};
		CB5536442135E217003BA0E8 /* Release */ = {
			isa = XCBuildConfiguration;
			buildSettings = {
				ALWAYS_EMBED_SWIFT_STANDARD_LIBRARIES = YES;
				CODE_SIGN_STYLE = Automatic;
				INFOPLIST_FILE = ToDoListUITests/Info.plist;
				LD_RUNPATH_SEARCH_PATHS = (
					"$(inherited)",
					"@executable_path/Frameworks",
					"@loader_path/Frameworks",
				);
				PRODUCT_BUNDLE_IDENTIFIER = Charlie.ToDoListUITests;
				PRODUCT_NAME = "$(TARGET_NAME)";
				SWIFT_VERSION = 4.0;
				TARGETED_DEVICE_FAMILY = "1,2";
				TEST_TARGET_NAME = ToDoList;
			};
			name = Release;
		};
/* End XCBuildConfiguration section */

/* Begin XCConfigurationList section */
		CB55360D2135E216003BA0E8 /* Build configuration list for PBXProject "ToDoList" */ = {
			isa = XCConfigurationList;
			buildConfigurations = (
				CB55363A2135E217003BA0E8 /* Debug */,
				CB55363B2135E217003BA0E8 /* Release */,
			);
			defaultConfigurationIsVisible = 0;
			defaultConfigurationName = Release;
		};
		CB55363C2135E217003BA0E8 /* Build configuration list for PBXNativeTarget "ToDoList" */ = {
			isa = XCConfigurationList;
			buildConfigurations = (
				CB55363D2135E217003BA0E8 /* Debug */,
				CB55363E2135E217003BA0E8 /* Release */,
			);
			defaultConfigurationIsVisible = 0;
			defaultConfigurationName = Release;
		};
		CB55363F2135E217003BA0E8 /* Build configuration list for PBXNativeTarget "ToDoListTests" */ = {
			isa = XCConfigurationList;
			buildConfigurations = (
				CB5536402135E217003BA0E8 /* Debug */,
				CB5536412135E217003BA0E8 /* Release */,
			);
			defaultConfigurationIsVisible = 0;
			defaultConfigurationName = Release;
		};
		CB5536422135E217003BA0E8 /* Build configuration list for PBXNativeTarget "ToDoListUITests" */ = {
			isa = XCConfigurationList;
			buildConfigurations = (
				CB5536432135E217003BA0E8 /* Debug */,
				CB5536442135E217003BA0E8 /* Release */,
			);
			defaultConfigurationIsVisible = 0;
			defaultConfigurationName = Release;
		};
/* End XCConfigurationList section */
	};
	rootObject = CB55360A2135E216003BA0E8 /* Project object */;
}
